
Microsoft Visual Studio Solution File, Format Version 12.00
# Visual Studio Version 17
VisualStudioVersion = 17.3.32825.248
MinimumVisualStudioVersion = 10.0.40219.1
Project("{FAE04EC0-301F-11D3-BF4B-00C04F79EFBC}") = "HW_1_rectangle", "HW_1_rectangle.csproj", "{D39F4741-39CE-4746-A349-6B3C07E13343}"
EndProject
Global
	GlobalSection(SolutionConfigurationPlatforms) = preSolution
		Debug|Any CPU = Debug|Any CPU
		Release|Any CPU = Release|Any CPU
	EndGlobalSection
	GlobalSection(ProjectConfigurationPlatforms) = postSolution
		{D39F4741-39CE-4746-A349-6B3C07E13343}.Debug|Any CPU.ActiveCfg = Debug|Any CPU
		{D39F4741-39CE-4746-A349-6B3C07E13343}.Debug|Any CPU.Build.0 = Debug|Any CPU
		{D39F4741-39CE-4746-A349-6B3C07E13343}.Release|Any CPU.ActiveCfg = Release|Any CPU
		{D39F4741-39CE-4746-A349-6B3C07E13343}.Release|Any CPU.Build.0 = Release|Any CPU
	EndGlobalSection
	GlobalSection(SolutionProperties) = preSolution
		HideSolutionNode = FALSE
	EndGlobalSection
	GlobalSection(ExtensibilityGlobals) = postSolution
		SolutionGuid = {860518B4-FB2B-4A7F-BABD-1864455C9228}
	EndGlobalSection
EndGlobal
